<?xml version="1.0" encoding="utf-8"?>
<Project ToolsVersion="4.0" xmlns="http://schemas.microsoft.com/developer/msbuild/2003">
  <ItemGroup>
    <ClInclude Include="SyntaxFwd.h">
      <Filter>1.Syntax</Filter>
    </ClInclude>
    <ClInclude Include="SyntaxGraphs.h">
      <Filter>1.Syntax</Filter>
    </ClInclude>
    <ClInclude Include="SyntaxNames.h">
      <Filter>1.Syntax</Filter>
    </ClInclude>
    <ClInclude Include="SyntaxReflection.h">
      <Filter>1.Syntax</Filter>
    </ClInclude>
    <ClInclude Include="SyntaxTypes.h">
      <Filter>1.Syntax</Filter>
    </ClInclude>
    <ClInclude Include="..\GraphTypes.h">
      <Filter>0.Common</Filter>
    </ClInclude>
    <ClInclude Include="..\Container\Map.h">
      <Filter>0.Common\Container</Filter>
    </ClInclude>
    <ClInclude Include="..\Container\Set.h">
      <Filter>0.Common\Container</Filter>
    </ClInclude>
    <ClInclude Include="..\Container\UnorderedMap.h">
      <Filter>0.Common\Container</Filter>
    </ClInclude>
    <ClInclude Include="..\MovePtr.h">
      <Filter>0.Common</Filter>
    </ClInclude>
    <ClInclude Include="BuilderTypes.h">
      <Filter>2.Builder</Filter>
    </ClInclude>
    <ClInclude Include="BuilderFwd.h">
      <Filter>2.Builder</Filter>
    </ClInclude>
    <ClInclude Include="SyntaxUtils.h">
      <Filter>1.Syntax</Filter>
    </ClInclude>
    <ClInclude Include="BuilderMacros.h">
      <Filter>2.Builder</Filter>
    </ClInclude>
    <ClInclude Include="CppBuilder.h">
      <Filter>2.Builder</Filter>
    </ClInclude>
    <ClInclude Include="..\Path.h">
      <Filter>0.Common</Filter>
    </ClInclude>
    <ClInclude Include="..\Overload.h">
      <Filter>0.Common</Filter>
    </ClInclude>
    <ClInclude Include="..\PathUtils.h">
      <Filter>0.Common</Filter>
    </ClInclude>
    <ClInclude Include="..\StringStream.h">
      <Filter>0.Common</Filter>
    </ClInclude>
    <ClInclude Include="..\GraphUtils.h">
      <Filter>0.Common</Filter>
    </ClInclude>
    <ClInclude Include="..\Range.h">
      <Filter>0.Common</Filter>
    </ClInclude>
    <ClInclude Include="..\FileUtils.h">
      <Filter>0.Common</Filter>
    </ClInclude>
    <ClInclude Include="..\Indent.h">
      <Filter>0.Common</Filter>
    </ClInclude>
    <ClInclude Include="TypescriptDefaultValues.h">
      <Filter>3.Values</Filter>
    </ClInclude>
    <ClInclude Include="CppDefaultValues.h">
      <Filter>3.Values</Filter>
    </ClInclude>
    <ClInclude Include="TypescriptBuilder.h">
      <Filter>2.Builder</Filter>
    </ClInclude>
    <ClInclude Include="TypescriptGraph.h">
      <Filter>2.Builder</Filter>
    </ClInclude>
    <ClInclude Include="DSL.h" />
    <ClInclude Include="framework.h">
      <Filter>0.Common\Others</Filter>
    </ClInclude>
    <ClInclude Include="pch.h">
      <Filter>0.Common\Others</Filter>
    </ClInclude>
    <ClInclude Include="..\PCH\CompilerPCH.h">
      <Filter>0.Common\Others</Filter>
    </ClInclude>
    <ClInclude Include="..\GraphImpl.h">
      <Filter>0.Common</Filter>
    </ClInclude>
    <ClInclude Include="..\GraphView.h">
      <Filter>0.Common</Filter>
    </ClInclude>
    <ClInclude Include="JsbBuilder.h">
      <Filter>2.Builder</Filter>
    </ClInclude>
    <ClInclude Include="ToJsBuilder.h">
      <Filter>2.Builder</Filter>
    </ClInclude>
    <ClInclude Include="CppMethod.h">
      <Filter>2.Builder</Filter>
    </ClInclude>
  </ItemGroup>
  <ItemGroup>
    <ClCompile Include="SyntaxReflection.cpp">
      <Filter>1.Syntax</Filter>
    </ClCompile>
    <ClCompile Include="SyntaxTypes.cpp">
      <Filter>1.Syntax</Filter>
    </ClCompile>
    <ClCompile Include="BuilderTypes.cpp">
      <Filter>2.Builder</Filter>
    </ClCompile>
    <ClCompile Include="SyntaxImpl.cpp">
      <Filter>1.Syntax</Filter>
    </ClCompile>
    <ClCompile Include="SyntaxUtils.cpp">
      <Filter>1.Syntax</Filter>
    </ClCompile>
    <ClCompile Include="BuilderImpl.cpp">
      <Filter>2.Builder</Filter>
    </ClCompile>
    <ClCompile Include="CppBuilder.cpp">
      <Filter>2.Builder</Filter>
    </ClCompile>
    <ClCompile Include="TypescriptDefaultValues.cpp">
      <Filter>3.Values</Filter>
    </ClCompile>
    <ClCompile Include="CppDefaultValues.cpp">
      <Filter>3.Values</Filter>
    </ClCompile>
    <ClCompile Include="TypescriptBuilder.cpp">
      <Filter>2.Builder</Filter>
    </ClCompile>
    <ClCompile Include="TypescriptGraph.cpp">
      <Filter>2.Builder</Filter>
    </ClCompile>
    <ClCompile Include="pch.cpp">
      <Filter>0.Common\Others</Filter>
    </ClCompile>
    <ClCompile Include="CppGraphBuilder.cpp">
      <Filter>2.Builder</Filter>
    </ClCompile>
    <ClCompile Include="CppGraphFunctions.cpp">
      <Filter>2.Builder</Filter>
    </ClCompile>
    <ClCompile Include="CppStructBuilder.cpp">
      <Filter>2.Builder</Filter>
    </ClCompile>
    <ClCompile Include="JsbBuilder.cpp">
      <Filter>2.Builder</Filter>
    </ClCompile>
    <ClCompile Include="ToJsBuilder.cpp">
      <Filter>2.Builder</Filter>
    </ClCompile>
    <ClCompile Include="CppMethod.cpp">
      <Filter>2.Builder</Filter>
    </ClCompile>
  </ItemGroup>
  <ItemGroup>
    <Filter Include="1.Syntax">
      <UniqueIdentifier>{62f63e43-cef9-419e-8138-93c03f3b7fd6}</UniqueIdentifier>
    </Filter>
    <Filter Include="0.Common">
      <UniqueIdentifier>{ae06de24-06e3-4ee3-b661-fc48c0959227}</UniqueIdentifier>
    </Filter>
    <Filter Include="0.Common\Container">
      <UniqueIdentifier>{ebd87c3e-aad8-4d2d-a1cd-7fac74238ec6}</UniqueIdentifier>
    </Filter>
    <Filter Include="2.Builder">
      <UniqueIdentifier>{a10d86c4-b75a-4db6-b879-a73c831af1be}</UniqueIdentifier>
    </Filter>
    <Filter Include="0.Common\Others">
      <UniqueIdentifier>{98f7193f-7e41-48aa-945a-f5b5d3e84303}</UniqueIdentifier>
    </Filter>
    <Filter Include="3.Values">
      <UniqueIdentifier>{378c8bb3-7436-4ec1-b6ac-d1353daa5480}</UniqueIdentifier>
    </Filter>
  </ItemGroup>
</Project>