
Microsoft Visual Studio Solution File, Format Version 12.00
# Visual Studio Version 17
VisualStudioVersion = 17.0.32014.148
MinimumVisualStudioVersion = 10.0.40219.1
Project("{8BC9CEB8-8B4A-11D0-8D11-00A0C91BC942}") = "AST", "Cocos\AST\AST.vcxproj", "{0EC3618D-A989-425D-838F-187DF366CDD6}"
EndProject
Project("{8BC9CEB8-8B4A-11D0-8D11-00A0C91BC942}") = "CocosBuilder", "Cocos\CocosBuilder\CocosBuilder.vcxproj", "{0FDC9DBC-B524-4ADA-897E-25A2331A1A2E}"
EndProject
Project("{8BC9CEB8-8B4A-11D0-8D11-00A0C91BC942}") = "Tutorial01", "Cocos\Tutorial01\Tutorial01.vcxproj", "{8C97D311-3035-4CD4-BA4A-DC97F102F12B}"
EndProject
Project("{8BC9CEB8-8B4A-11D0-8D11-00A0C91BC942}") = "Tutorial02", "Cocos\Tutorial02\Tutorial02.vcxproj", "{0A66C539-FE78-4CEC-AE6A-3D3EDDD3F412}"
EndProject
Global
	GlobalSection(SolutionConfigurationPlatforms) = preSolution
		Debug|x64 = Debug|x64
		Debug|x86 = Debug|x86
		Development|x64 = Development|x64
		Development|x86 = Development|x86
		Release|x64 = Release|x64
		Release|x86 = Release|x86
	EndGlobalSection
	GlobalSection(ProjectConfigurationPlatforms) = postSolution
		{0EC3618D-A989-425D-838F-187DF366CDD6}.Debug|x64.ActiveCfg = Debug|x64
		{0EC3618D-A989-425D-838F-187DF366CDD6}.Debug|x64.Build.0 = Debug|x64
		{0EC3618D-A989-425D-838F-187DF366CDD6}.Debug|x86.ActiveCfg = Debug|Win32
		{0EC3618D-A989-425D-838F-187DF366CDD6}.Debug|x86.Build.0 = Debug|Win32
		{0EC3618D-A989-425D-838F-187DF366CDD6}.Development|x64.ActiveCfg = Development|x64
		{0EC3618D-A989-425D-838F-187DF366CDD6}.Development|x64.Build.0 = Development|x64
		{0EC3618D-A989-425D-838F-187DF366CDD6}.Development|x86.ActiveCfg = Development|Win32
		{0EC3618D-A989-425D-838F-187DF366CDD6}.Development|x86.Build.0 = Development|Win32
		{0EC3618D-A989-425D-838F-187DF366CDD6}.Release|x64.ActiveCfg = Release|x64
		{0EC3618D-A989-425D-838F-187DF366CDD6}.Release|x64.Build.0 = Release|x64
		{0EC3618D-A989-425D-838F-187DF366CDD6}.Release|x86.ActiveCfg = Release|Win32
		{0EC3618D-A989-425D-838F-187DF366CDD6}.Release|x86.Build.0 = Release|Win32
		{0FDC9DBC-B524-4ADA-897E-25A2331A1A2E}.Debug|x64.ActiveCfg = Debug|x64
		{0FDC9DBC-B524-4ADA-897E-25A2331A1A2E}.Debug|x64.Build.0 = Debug|x64
		{0FDC9DBC-B524-4ADA-897E-25A2331A1A2E}.Debug|x86.ActiveCfg = Debug|Win32
		{0FDC9DBC-B524-4ADA-897E-25A2331A1A2E}.Debug|x86.Build.0 = Debug|Win32
		{0FDC9DBC-B524-4ADA-897E-25A2331A1A2E}.Development|x64.ActiveCfg = Development|x64
		{0FDC9DBC-B524-4ADA-897E-25A2331A1A2E}.Development|x64.Build.0 = Development|x64
		{0FDC9DBC-B524-4ADA-897E-25A2331A1A2E}.Development|x86.ActiveCfg = Development|Win32
		{0FDC9DBC-B524-4ADA-897E-25A2331A1A2E}.Development|x86.Build.0 = Development|Win32
		{0FDC9DBC-B524-4ADA-897E-25A2331A1A2E}.Release|x64.ActiveCfg = Release|x64
		{0FDC9DBC-B524-4ADA-897E-25A2331A1A2E}.Release|x64.Build.0 = Release|x64
		{0FDC9DBC-B524-4ADA-897E-25A2331A1A2E}.Release|x86.ActiveCfg = Release|Win32
		{0FDC9DBC-B524-4ADA-897E-25A2331A1A2E}.Release|x86.Build.0 = Release|Win32
		{8C97D311-3035-4CD4-BA4A-DC97F102F12B}.Debug|x64.ActiveCfg = Debug|x64
		{8C97D311-3035-4CD4-BA4A-DC97F102F12B}.Debug|x64.Build.0 = Debug|x64
		{8C97D311-3035-4CD4-BA4A-DC97F102F12B}.Debug|x86.ActiveCfg = Debug|Win32
		{8C97D311-3035-4CD4-BA4A-DC97F102F12B}.Debug|x86.Build.0 = Debug|Win32
		{8C97D311-3035-4CD4-BA4A-DC97F102F12B}.Development|x64.ActiveCfg = Development|x64
		{8C97D311-3035-4CD4-BA4A-DC97F102F12B}.Development|x64.Build.0 = Development|x64
		{8C97D311-3035-4CD4-BA4A-DC97F102F12B}.Development|x86.ActiveCfg = Development|Win32
		{8C97D311-3035-4CD4-BA4A-DC97F102F12B}.Development|x86.Build.0 = Development|Win32
		{8C97D311-3035-4CD4-BA4A-DC97F102F12B}.Release|x64.ActiveCfg = Release|x64
		{8C97D311-3035-4CD4-BA4A-DC97F102F12B}.Release|x64.Build.0 = Release|x64
		{8C97D311-3035-4CD4-BA4A-DC97F102F12B}.Release|x86.ActiveCfg = Release|Win32
		{8C97D311-3035-4CD4-BA4A-DC97F102F12B}.Release|x86.Build.0 = Release|Win32
		{0A66C539-FE78-4CEC-AE6A-3D3EDDD3F412}.Debug|x64.ActiveCfg = Debug|x64
		{0A66C539-FE78-4CEC-AE6A-3D3EDDD3F412}.Debug|x64.Build.0 = Debug|x64
		{0A66C539-FE78-4CEC-AE6A-3D3EDDD3F412}.Debug|x86.ActiveCfg = Debug|Win32
		{0A66C539-FE78-4CEC-AE6A-3D3EDDD3F412}.Debug|x86.Build.0 = Debug|Win32
		{0A66C539-FE78-4CEC-AE6A-3D3EDDD3F412}.Development|x64.ActiveCfg = Development|x64
		{0A66C539-FE78-4CEC-AE6A-3D3EDDD3F412}.Development|x64.Build.0 = Development|x64
		{0A66C539-FE78-4CEC-AE6A-3D3EDDD3F412}.Development|x86.ActiveCfg = Development|Win32
		{0A66C539-FE78-4CEC-AE6A-3D3EDDD3F412}.Development|x86.Build.0 = Development|Win32
		{0A66C539-FE78-4CEC-AE6A-3D3EDDD3F412}.Release|x64.ActiveCfg = Release|x64
		{0A66C539-FE78-4CEC-AE6A-3D3EDDD3F412}.Release|x64.Build.0 = Release|x64
		{0A66C539-FE78-4CEC-AE6A-3D3EDDD3F412}.Release|x86.ActiveCfg = Release|Win32
		{0A66C539-FE78-4CEC-AE6A-3D3EDDD3F412}.Release|x86.Build.0 = Release|Win32
	EndGlobalSection
	GlobalSection(SolutionProperties) = preSolution
		HideSolutionNode = FALSE
	EndGlobalSection
	GlobalSection(ExtensibilityGlobals) = postSolution
		SolutionGuid = {8C51DC0E-E306-4D2E-8BB0-38DF00C692B0}
	EndGlobalSection
EndGlobal
