<?xml version="1.0" encoding="utf-8"?>
<Project ToolsVersion="4.0" xmlns="http://schemas.microsoft.com/developer/msbuild/2003">
  <ItemGroup>
    <ClCompile Include="CocosBuilder.cpp" />
    <ClCompile Include="pch.cpp" />
    <ClCompile Include="RenderGraph.cpp">
      <Filter>Modules</Filter>
    </ClCompile>
    <ClCompile Include="LayoutGraph.cpp">
      <Filter>Modules</Filter>
    </ClCompile>
    <ClCompile Include="RenderCommon.cpp">
      <Filter>Modules</Filter>
    </ClCompile>
    <ClCompile Include="RenderExecutor.cpp">
      <Filter>Modules</Filter>
    </ClCompile>
    <ClCompile Include="RenderExample.cpp">
      <Filter>Modules</Filter>
    </ClCompile>
    <ClCompile Include="RenderCompiler.cpp">
      <Filter>Modules</Filter>
    </ClCompile>
    <ClCompile Include="CocosCommon.cpp">
      <Filter>Modules</Filter>
    </ClCompile>
  </ItemGroup>
  <ItemGroup>
    <ClInclude Include="pch.h" />
    <ClInclude Include="CocosModules.h" />
    <ClInclude Include="..\renderer\pipeline\custom\GraphImpl.h">
      <Filter>Headers</Filter>
    </ClInclude>
    <ClInclude Include="..\renderer\pipeline\custom\GraphTypes.h">
      <Filter>Headers</Filter>
    </ClInclude>
    <ClInclude Include="..\renderer\pipeline\custom\GraphUtils.h">
      <Filter>Headers</Filter>
    </ClInclude>
    <ClInclude Include="..\renderer\pipeline\custom\GraphView.h">
      <Filter>Headers</Filter>
    </ClInclude>
    <ClInclude Include="..\renderer\pipeline\custom\GslUtils.h">
      <Filter>Headers</Filter>
    </ClInclude>
    <ClInclude Include="..\renderer\pipeline\custom\invoke.hpp">
      <Filter>Headers</Filter>
    </ClInclude>
    <ClInclude Include="..\renderer\pipeline\custom\JsbConversion.h">
      <Filter>Headers</Filter>
    </ClInclude>
    <ClInclude Include="..\renderer\pipeline\custom\Map.h">
      <Filter>Headers</Filter>
    </ClInclude>
    <ClInclude Include="..\renderer\pipeline\custom\Overload.h">
      <Filter>Headers</Filter>
    </ClInclude>
    <ClInclude Include="..\renderer\pipeline\custom\PathUtils.h">
      <Filter>Headers</Filter>
    </ClInclude>
    <ClInclude Include="..\renderer\pipeline\custom\Range.h">
      <Filter>Headers</Filter>
    </ClInclude>
    <ClInclude Include="..\renderer\pipeline\custom\Set.h">
      <Filter>Headers</Filter>
    </ClInclude>
    <ClInclude Include="..\renderer\pipeline\custom\String.h">
      <Filter>Headers</Filter>
    </ClInclude>
    <ClInclude Include="..\renderer\pipeline\custom\Utility.h">
      <Filter>Headers</Filter>
    </ClInclude>
  </ItemGroup>
  <ItemGroup>
    <None Include="graph.ts" />
  </ItemGroup>
  <ItemGroup>
    <Filter Include="Modules">
      <UniqueIdentifier>{0644d922-5b41-457c-bbc6-88ba625679f2}</UniqueIdentifier>
    </Filter>
    <Filter Include="Headers">
      <UniqueIdentifier>{dc9aa706-6699-48bb-9d16-794ae993a920}</UniqueIdentifier>
    </Filter>
  </ItemGroup>
</Project>