<?xml version="1.0" encoding="utf-8"?>
<Project ToolsVersion="4.0" xmlns="http://schemas.microsoft.com/developer/msbuild/2003">
  <ItemGroup>
    <ClCompile Include="CocosBuilder.cpp" />
    <ClCompile Include="pch.cpp" />
    <ClCompile Include="RenderGraph.cpp">
      <Filter>Modules</Filter>
    </ClCompile>
    <ClCompile Include="LayoutGraph.cpp">
      <Filter>Modules</Filter>
    </ClCompile>
    <ClCompile Include="RenderCommon.cpp">
      <Filter>Modules</Filter>
    </ClCompile>
    <ClCompile Include="CocosCommon.cpp">
      <Filter>Modules</Filter>
    </ClCompile>
    <ClCompile Include="RenderInterface.cpp">
      <Filter>Modules</Filter>
    </ClCompile>
    <ClCompile Include="PrivateTypes.cpp">
      <Filter>Modules</Filter>
    </ClCompile>
    <ClCompile Include="NativePipeline.cpp">
      <Filter>Modules</Filter>
    </ClCompile>
    <ClCompile Include="FGDispatcher.cpp">
      <Filter>Modules</Filter>
    </ClCompile>
    <ClCompile Include="RenderCompiler.cpp">
      <Filter>Examples</Filter>
    </ClCompile>
    <ClCompile Include="RenderExample.cpp">
      <Filter>Examples</Filter>
    </ClCompile>
    <ClCompile Include="RenderExecutor.cpp">
      <Filter>Examples</Filter>
    </ClCompile>
    <ClCompile Include="NativeCustomization.cpp">
      <Filter>Modules</Filter>
    </ClCompile>
    <ClCompile Include="RenderInterfaceDocument.cpp">
      <Filter>Modules</Filter>
    </ClCompile>
    <ClCompile Include="RenderSettings.cpp">
      <Filter>Modules</Filter>
    </ClCompile>
  </ItemGroup>
  <ItemGroup>
    <ClInclude Include="pch.h" />
    <ClInclude Include="CocosModules.h" />
  </ItemGroup>
  <ItemGroup>
    <Filter Include="Modules">
      <UniqueIdentifier>{0644d922-5b41-457c-bbc6-88ba625679f2}</UniqueIdentifier>
    </Filter>
    <Filter Include="Examples">
      <UniqueIdentifier>{d58b8452-9e67-404a-9553-dbdaba9fd16c}</UniqueIdentifier>
    </Filter>
  </ItemGroup>
</Project>